github.com/gethugothemes/hugo-modules/accordion v0.0.0-20240602022531-889cbf5dcf58 h1:UHuYfZUluwyaBQ6M8YG2vDoQZpCUb43BL4n6GzhmeHQ=
github.com/gethugothemes/hugo-modules/accordion v0.0.0-20240602022531-889cbf5dcf58/go.mod h1:D4DpauKPDcUHI9CVKYmJeO6bkSJIhUN864TyXZ2o0VI=
github.com/gethugothemes/hugo-modules/adsense v0.0.0-20240602022531-889cbf5dcf58 h1:m7xu5bE1ncs9+YjRYm/vFdQftPDvfcrLmL9lgD07KgA=
github.com/gethugothemes/hugo-modules/adsense v0.0.0-20240602022531-889cbf5dcf58/go.mod h1:8p/gG/cyyu20z4q5cFN/JGE5TOFA55Xsp+aIP9KCsqo=
github.com/gethugothemes/hugo-modules/components/announcement v0.0.0-20240602022531-889cbf5dcf58 h1:qPEmPt7Sg4ui0eUpPmWGbwUAxIbr/q+E/LQNNOJVxyE=
github.com/gethugothemes/hugo-modules/components/announcement v0.0.0-20240602022531-889cbf5dcf58/go.mod h1:BO6vbFLvEgb45epi/QtUkQmTyqsWSwxIqTpwDvqJFHk=
github.com/gethugothemes/hugo-modules/components/cookie-consent v0.0.0-20240602022531-889cbf5dcf58 h1:lC1XLWMonwB/UJVYeiqEnhrKEoad0DAYglRGDYeQGq0=
github.com/gethugothemes/hugo-modules/components/cookie-consent v0.0.0-20240602022531-889cbf5dcf58/go.mod h1:511ERLpGe3ZTfV2z/NAtUSR5NqKF26h9z5lU/zYV4YQ=
github.com/gethugothemes/hugo-modules/components/custom-script v0.0.0-20240602022531-889cbf5dcf58 h1:Nxu52CJ2zVmt0wTVNCX4O2ErzFc7R1oRsDnkdTiS+Ho=
github.com/gethugothemes/hugo-modules/components/custom-script v0.0.0-20240602022531-889cbf5dcf58/go.mod h1:RuDHq4WnK8sNEzAIJr4BZQ7oXhzcct/EKaAxc2Xvi9E=
github.com/gethugothemes/hugo-modules/components/preloader v0.0.0-20240602022531-889cbf5dcf58 h1:l1CeMbza4kxeYOMpprPZ00+6oRWy/TsLi0jBXn4kUR4=
github.com/gethugothemes/hugo-modules/components/preloader v0.0.0-20240602022531-889cbf5dcf58/go.mod h1:FP0iQ3tMOesuWFZhLst2KEvUEYPb5Jk1GW+QBP9lrwg=
github.com/gethugothemes/hugo-modules/components/render-link v0.0.0-20240602022531-889cbf5dcf58 h1:Jl/cj7GQmYsKQ00tS76CbSNipt2B0Cr/EAK0lORgpAw=
github.com/gethugothemes/hugo-modules/components/render-link v0.0.0-20240602022531-889cbf5dcf58/go.mod h1:z3YcIeEBUonAoRDY1/Jv1ojNVkZ5ud35a0Nn8L4Inx0=
github.com/gethugothemes/hugo-modules/components/social-share v0.0.0-20240602022531-889cbf5dcf58 h1:qhARHkxXLgMMxgh4hA2iL8F9cgyFjFfn2LOdwqMdXyQ=
github.com/gethugothemes/hugo-modules/components/social-share v0.0.0-20240602022531-889cbf5dcf58/go.mod h1:Gcj4RM/EBECsJMZnPeWjfy/1roRYGqzV9GYNmeHkvFA=
github.com/gethugothemes/hugo-modules/gallery-slider v0.0.0-20240602022531-889cbf5dcf58 h1:aj3Drq5UD02XsvJmDrhnvuHdEPHAxmaO/Jr+swF9RMs=
github.com/gethugothemes/hugo-modules/gallery-slider v0.0.0-20240602022531-889cbf5dcf58/go.mod h1:MvQ2js/ofZ22CTX5wuvE+dC0rMe6C5HAWL2fEOu/yzE=
github.com/gethugothemes/hugo-modules/gzip-caching v0.0.0-20240602022531-889cbf5dcf58 h1:q8eVGu9SAXjm2+1JKJWOdRBAFqdE7f0pl5Wr/Dcuvw8=
github.com/gethugothemes/hugo-modules/gzip-caching v0.0.0-20240602022531-889cbf5dcf58/go.mod h1:0ZMjTZVG4XLZU2/icc8Saqo4mmgMpfRTrUZU2Aa2Pwg=
github.com/gethugothemes/hugo-modules/icons/font-awesome v0.0.0-20240602022531-889cbf5dcf58 h1:p+tJca3w1zu+aUfQsaAwSemCrLfRUOBXkge0m6h4mOk=
github.com/gethugothemes/hugo-modules/icons/font-awesome v0.0.0-20240602022531-889cbf5dcf58/go.mod h1:d3gy1vQyfasPmGpau7HpQLrXbOv23PfXclSnjyOBxeU=
github.com/gethugothemes/hugo-modules/images v0.0.0-20240602022531-889cbf5dcf58 h1:pT1D/0jNvQwEVu8hG/EBNGtb8U51RuW7+qVM97mYafk=
github.com/gethugothemes/hugo-modules/images v0.0.0-20240602022531-889cbf5dcf58/go.mod h1:FKliP3qOW9diIcQeLtyZ0Hdhg3PL8bdAkC/6O+XtU90=
github.com/gethugothemes/hugo-modules/modal v0.0.0-20240602022531-889cbf5dcf58 h1:iBlgyA9lOyXM5K9EDdLZnoqTREIISOuKraVzw3EKsvM=
github.com/gethugothemes/hugo-modules/modal v0.0.0-20240602022531-889cbf5dcf58/go.mod h1:Eb9v7oV6biymfvjcBhQdvgn0gUGYhUtfCMeOBLFpFsk=
github.com/gethugothemes/hugo-modules/pwa v0.0.0-20240602022531-889cbf5dcf58 h1:6YjSYed5yduxHKms1k3yhxR/405cH+NwjOLx1pClZkM=
github.com/gethugothemes/hugo-modules/pwa v0.0.0-20240602022531-889cbf5dcf58/go.mod h1:TRv7iszdfo37O1PbBEE+S8X/enAdpRIxK5DGrp13Qbo=
github.com/gethugothemes/hugo-modules/search v0.0.0-20240602022531-889cbf5dcf58 h1:rFbI86fjlKR1CQ1XsZ7X8wVUWHAByOACoPJ8WV3jArg=
github.com/gethugothemes/hugo-modules/search v0.0.0-20240602022531-889cbf5dcf58/go.mod h1:tmDvLaZCM+QDvS/WLZXNjY1QTdWh7/68D2wIToECbyA=
github.com/gethugothemes/hugo-modules/seo-tools/basic-seo v0.0.0-20240602022531-889cbf5dcf58 h1:dT5y1MehiNbwGnMN6cN3vdNsYGSfxLdzFMBIWpfLLRU=
github.com/gethugothemes/hugo-modules/seo-tools/basic-seo v0.0.0-20240602022531-889cbf5dcf58/go.mod h1:Q8dPgjamV7pxwKSQyWV21Xwh5CGi23/k+M8HPTphYbs=
github.com/gethugothemes/hugo-modules/seo-tools/google-tag-manager v0.0.0-20240602022531-889cbf5dcf58 h1:oY24ueLdMe5llCIvvJylUPWG2ulFcOuuxC4dhYfs0IU=
github.com/gethugothemes/hugo-modules/seo-tools/google-tag-manager v0.0.0-20240602022531-889cbf5dcf58/go.mod h1:cCq50yd55eFTrpqOfeyOK5X0hU5E7qxsqOD7IzTsgLA=
github.com/gethugothemes/hugo-modules/seo-tools/site-verifications v0.0.0-20240602022531-889cbf5dcf58 h1:x+1JvnoTVlhjfEgiyawwWq3p9F6JZZdq4QDDBqLXqWI=
github.com/gethugothemes/hugo-modules/seo-tools/site-verifications v0.0.0-20240602022531-889cbf5dcf58/go.mod h1:iXielaya126qJscz7Bc2G2WB91moloQOoWru6UoBUyE=
github.com/gethugothemes/hugo-modules/shortcodes/button v0.0.0-20240602022531-889cbf5dcf58 h1:PHWElRDFnvV6TZP2fmuR+biygNGBAcg5bNQs3+KielQ=
github.com/gethugothemes/hugo-modules/shortcodes/button v0.0.0-20240602022531-889cbf5dcf58/go.mod h1:MSvxGvjvcGUKTs6YMATU/9kYFrzW+VSVdy4CCOQLdsY=
github.com/gethugothemes/hugo-modules/shortcodes/notice v0.0.0-20240602022531-889cbf5dcf58 h1:6MTC9P01EgONleYqDC/7HHzV7ZKAN9p+uRbhRZJTTng=
github.com/gethugothemes/hugo-modules/shortcodes/notice v0.0.0-20240602022531-889cbf5dcf58/go.mod h1:ljWyMJx82WA+6SlKjbGFhEdxcriyvUTCjXkJHDa4lho=
github.com/gethugothemes/hugo-modules/tab v0.0.0-20240602022531-889cbf5dcf58 h1:vwXluJupUNteXX7sDykHncXleuQAyZd8CItLxVQNHc0=
github.com/gethugothemes/hugo-modules/tab v0.0.0-20240602022531-889cbf5dcf58/go.mod h1:h3UxlxrFoU19JldxWLPBKaTZFe3AJtABrqo1wfxr+Ng=
github.com/gethugothemes/hugo-modules/table-of-contents v0.0.0-20240602022531-889cbf5dcf58 h1:/hOQJJyLAA/Os3N8ibvD9KCFvU0Km083jkN6SSPgmiQ=
github.com/gethugothemes/hugo-modules/table-of-contents v0.0.0-20240602022531-889cbf5dcf58/go.mod h1:bEDw4veccQQQYEdVrfu13ATRUWfW8ptDIjJZuhYh4Tw=
github.com/gethugothemes/hugo-modules/videos v0.0.0-20240602022531-889cbf5dcf58 h1:gqm85Q2n6XeQ5EBRMEuNNFaVuteNAc1/TTMtiSbpBCw=
github.com/gethugothemes/hugo-modules/videos v0.0.0-20240602022531-889cbf5dcf58/go.mod h1:P722lLWdnNhdZVq6gvMrOLqECUwrAYQWaOWlChta5H0=
github.com/hugomods/mermaid v0.1.1 h1:12b8DbdiKOTtPmkWOMXsBz3LKkAWVqa5tGkbEboj0a4=
github.com/hugomods/mermaid v0.1.1/go.mod h1:7sKIZLAeYsXXnKRh4KR70UQx27xnzf0mSQ2o99zTLS0=
